
Microsoft Visual Studio Solution File, Format Version 12.00
# Visual Studio Version 16
VisualStudioVersion = 16.0.29102.190
MinimumVisualStudioVersion = 10.0.40219.1
Project("{FAE04EC0-301F-11D3-BF4B-00C04F79EFBC}") = "ParagonPingSystem", "ParagonPingSystem\ParagonPingSystem.csproj", "{28D27A5D-7DE3-4B44-9413-E79D0F14A737}"
EndProject
Project("{FAE04EC0-301F-11D3-BF4B-00C04F79EFBC}") = "ParagonPingSystemTests", "ParagonPingSystemTests\ParagonPingSystemTests.csproj", "{D2F6E1A5-200B-40E0-BF90-3351ABFCBD45}"
EndProject
Global
	GlobalSection(SolutionConfigurationPlatforms) = preSolution
		Debug|Any CPU = Debug|Any CPU
		Release|Any CPU = Release|Any CPU
	EndGlobalSection
	GlobalSection(ProjectConfigurationPlatforms) = postSolution
		{28D27A5D-7DE3-4B44-9413-E79D0F14A737}.Debug|Any CPU.ActiveCfg = Debug|Any CPU
		{28D27A5D-7DE3-4B44-9413-E79D0F14A737}.Debug|Any CPU.Build.0 = Debug|Any CPU
		{28D27A5D-7DE3-4B44-9413-E79D0F14A737}.Release|Any CPU.ActiveCfg = Release|Any CPU
		{28D27A5D-7DE3-4B44-9413-E79D0F14A737}.Release|Any CPU.Build.0 = Release|Any CPU
		{D2F6E1A5-200B-40E0-BF90-3351ABFCBD45}.Debug|Any CPU.ActiveCfg = Debug|Any CPU
		{D2F6E1A5-200B-40E0-BF90-3351ABFCBD45}.Debug|Any CPU.Build.0 = Debug|Any CPU
		{D2F6E1A5-200B-40E0-BF90-3351ABFCBD45}.Release|Any CPU.ActiveCfg = Release|Any CPU
		{D2F6E1A5-200B-40E0-BF90-3351ABFCBD45}.Release|Any CPU.Build.0 = Release|Any CPU
	EndGlobalSection
	GlobalSection(SolutionProperties) = preSolution
		HideSolutionNode = FALSE
	EndGlobalSection
	GlobalSection(ExtensibilityGlobals) = postSolution
		SolutionGuid = {6A65070F-BA8F-4C92-B326-0425B4E44E84}
	EndGlobalSection
EndGlobal
